
Microsoft Visual Studio Solution File, Format Version 12.00
# Visual Studio Version 17
VisualStudioVersion = 17.9.34607.119
MinimumVisualStudioVersion = 10.0.40219.1
Project("{FAE04EC0-301F-11D3-BF4B-00C04F79EFBC}") = "TechnicalServicesAPI", "TechnicalServicesAPI\TechnicalServicesAPI.csproj", "{45797F06-9B8A-40F4-A8C7-7E07337AC7F5}"
EndProject
Global
	GlobalSection(SolutionConfigurationPlatforms) = preSolution
		Debug|Any CPU = Debug|Any CPU
		Release|Any CPU = Release|Any CPU
	EndGlobalSection
	GlobalSection(ProjectConfigurationPlatforms) = postSolution
		{45797F06-9B8A-40F4-A8C7-7E07337AC7F5}.Debug|Any CPU.ActiveCfg = Debug|Any CPU
		{45797F06-9B8A-40F4-A8C7-7E07337AC7F5}.Debug|Any CPU.Build.0 = Debug|Any CPU
		{45797F06-9B8A-40F4-A8C7-7E07337AC7F5}.Release|Any CPU.ActiveCfg = Release|Any CPU
		{45797F06-9B8A-40F4-A8C7-7E07337AC7F5}.Release|Any CPU.Build.0 = Release|Any CPU
	EndGlobalSection
	GlobalSection(SolutionProperties) = preSolution
		HideSolutionNode = FALSE
	EndGlobalSection
	GlobalSection(ExtensibilityGlobals) = postSolution
		SolutionGuid = {AB0476B9-B62E-4E84-8DEB-1DA42570993A}
	EndGlobalSection
EndGlobal
